
Microsoft Visual Studio Solution File, Format Version 12.00
# Visual Studio Version 17
Project("{8BC9CEB8-8B4A-11D0-8D11-00A0C91BC942}") = "HawthornApp", "HawthornApp\HawthornApp.vcxproj", "{D1670C7A-3D1D-856F-C611-7F4632C67B73}"
EndProject
Project("{2150E333-8FDC-42A3-9474-1A3956D46DE8}") = "Core", "Core", "{15A0C35D-0158-05AB-6A5F-DE065636A09B}"
EndProject
Project("{8BC9CEB8-8B4A-11D0-8D11-00A0C91BC942}") = "Hawthorn", "Hawthorn\Hawthorn.vcxproj", "{701A0C37-5CE7-6642-8500-55EA712C9CD0}"
EndProject
Global
	GlobalSection(SolutionConfigurationPlatforms) = preSolution
		Debug|x64 = Debug|x64
		Dist|x64 = Dist|x64
		Release|x64 = Release|x64
	EndGlobalSection
	GlobalSection(ProjectConfigurationPlatforms) = postSolution
		{D1670C7A-3D1D-856F-C611-7F4632C67B73}.Debug|x64.ActiveCfg = Debug|x64
		{D1670C7A-3D1D-856F-C611-7F4632C67B73}.Debug|x64.Build.0 = Debug|x64
		{D1670C7A-3D1D-856F-C611-7F4632C67B73}.Dist|x64.ActiveCfg = Dist|x64
		{D1670C7A-3D1D-856F-C611-7F4632C67B73}.Dist|x64.Build.0 = Dist|x64
		{D1670C7A-3D1D-856F-C611-7F4632C67B73}.Release|x64.ActiveCfg = Release|x64
		{D1670C7A-3D1D-856F-C611-7F4632C67B73}.Release|x64.Build.0 = Release|x64
		{701A0C37-5CE7-6642-8500-55EA712C9CD0}.Debug|x64.ActiveCfg = Debug|x64
		{701A0C37-5CE7-6642-8500-55EA712C9CD0}.Debug|x64.Build.0 = Debug|x64
		{701A0C37-5CE7-6642-8500-55EA712C9CD0}.Dist|x64.ActiveCfg = Dist|x64
		{701A0C37-5CE7-6642-8500-55EA712C9CD0}.Dist|x64.Build.0 = Dist|x64
		{701A0C37-5CE7-6642-8500-55EA712C9CD0}.Release|x64.ActiveCfg = Release|x64
		{701A0C37-5CE7-6642-8500-55EA712C9CD0}.Release|x64.Build.0 = Release|x64
	EndGlobalSection
	GlobalSection(SolutionProperties) = preSolution
		HideSolutionNode = FALSE
	EndGlobalSection
	GlobalSection(NestedProjects) = preSolution
		{701A0C37-5CE7-6642-8500-55EA712C9CD0} = {15A0C35D-0158-05AB-6A5F-DE065636A09B}
	EndGlobalSection
EndGlobal
